
Microsoft Visual Studio Solution File, Format Version 12.00
# Visual Studio 15
VisualStudioVersion = 15.0.28307.489
MinimumVisualStudioVersion = 10.0.40219.1
Project("{FAE04EC0-301F-11D3-BF4B-00C04F79EFBC}") = "TimeSave", "TimeSave\TimeSave.csproj", "{689482FF-DC2B-4F79-9EE3-4B91572701A7}"
EndProject
Global
	GlobalSection(SolutionConfigurationPlatforms) = preSolution
		Debug|Any CPU = Debug|Any CPU
		Release|Any CPU = Release|Any CPU
	EndGlobalSection
	GlobalSection(ProjectConfigurationPlatforms) = postSolution
		{689482FF-DC2B-4F79-9EE3-4B91572701A7}.Debug|Any CPU.ActiveCfg = Debug|Any CPU
		{689482FF-DC2B-4F79-9EE3-4B91572701A7}.Debug|Any CPU.Build.0 = Debug|Any CPU
		{689482FF-DC2B-4F79-9EE3-4B91572701A7}.Release|Any CPU.ActiveCfg = Release|Any CPU
		{689482FF-DC2B-4F79-9EE3-4B91572701A7}.Release|Any CPU.Build.0 = Release|Any CPU
	EndGlobalSection
	GlobalSection(SolutionProperties) = preSolution
		HideSolutionNode = FALSE
	EndGlobalSection
	GlobalSection(ExtensibilityGlobals) = postSolution
		SolutionGuid = {0EE7389A-0CCA-459F-9FD2-82C680613C68}
	EndGlobalSection
EndGlobal
